<?xml version="1.0" encoding="UTF-8" standalone="yes" ?>
<CodeBlocks_project_file>
	<FileVersion major="1" minor="6" />
	<Project>
		<Option title="libtelegram" />
		<Option pch_mode="2" />
		<Option compiler="null" />
		<Build>
			<Target title="Dummy">
				<Option output="out" prefix_auto="1" extension_auto="0" />
				<Option object_output="obj/" />
				<Option type="1" />
				<Option compiler="null" />
			</Target>
		</Build>
		<VirtualTargets>
			<Add alias="All" targets="Dummy;" />
		</VirtualTargets>
		<Compiler>
			<Add directory="include" />
		</Compiler>
		<Unit filename="CMakeLists.txt" />
		<Unit filename="LICENSE" />
		<Unit filename="README.md" />
		<Unit filename="include/libtelegram/config.h" />
		<Unit filename="include/libtelegram/libtelegram.h" />
		<Unit filename="include/libtelegram/listener.h" />
		<Unit filename="include/libtelegram/listeners/base.h" />
		<Unit filename="include/libtelegram/listeners/fcgi.h" />
		<Unit filename="include/libtelegram/listeners/poll.h" />
		<Unit filename="include/libtelegram/sender.h" />
		<Unit filename="include/libtelegram/types/audio.h" />
		<Unit filename="include/libtelegram/types/callback_game.h" />
		<Unit filename="include/libtelegram/types/callback_query.h" />
		<Unit filename="include/libtelegram/types/chat.h" />
		<Unit filename="include/libtelegram/types/chat_member.h" />
		<Unit filename="include/libtelegram/types/chat_photo.h" />
		<Unit filename="include/libtelegram/types/contact.h" />
		<Unit filename="include/libtelegram/types/document.h" />
		<Unit filename="include/libtelegram/types/file.h" />
		<Unit filename="include/libtelegram/types/helpers/optional.h" />
		<Unit filename="include/libtelegram/types/helpers/shared.h" />
		<Unit filename="include/libtelegram/types/invoice.h" />
		<Unit filename="include/libtelegram/types/location.h" />
		<Unit filename="include/libtelegram/types/mask_position.h" />
		<Unit filename="include/libtelegram/types/message.h" />
		<Unit filename="include/libtelegram/types/order_info.h" />
		<Unit filename="include/libtelegram/types/photosize.h" />
		<Unit filename="include/libtelegram/types/reply_markup/base.h" />
		<Unit filename="include/libtelegram/types/reply_markup/force_reply.h" />
		<Unit filename="include/libtelegram/types/reply_markup/inline_keyboard_button.h" />
		<Unit filename="include/libtelegram/types/reply_markup/inline_keyboard_markup.h" />
		<Unit filename="include/libtelegram/types/reply_markup/keyboard_button.h" />
		<Unit filename="include/libtelegram/types/reply_markup/reply_keyboard_markup.h" />
		<Unit filename="include/libtelegram/types/reply_markup/reply_keyboard_remove.h" />
		<Unit filename="include/libtelegram/types/reply_markup/reply_markup.h" />
		<Unit filename="include/libtelegram/types/shipping_address.h" />
		<Unit filename="include/libtelegram/types/sticker.h" />
		<Unit filename="include/libtelegram/types/sticker_set.h" />
		<Unit filename="include/libtelegram/types/successful_payment.h" />
		<Unit filename="include/libtelegram/types/types.h" />
		<Unit filename="include/libtelegram/types/user.h" />
		<Unit filename="include/libtelegram/types/user_profile_photos.h" />
		<Unit filename="include/libtelegram/types/venue.h" />
		<Unit filename="include/libtelegram/types/video.h" />
		<Unit filename="include/libtelegram/types/video_note.h" />
		<Unit filename="include/libtelegram/types/voice.h" />
		<Unit filename="version.h" />
		<Extensions>
			<code_completion />
			<envvars />
			<debugger />
			<lib_finder disable_auto="1" />
			<editor_config active="1" use_tabs="0" tab_indents="1" tab_width="2" indent="2" eol_mode="2" />
			<AutoVersioning>
				<Scheme minor_max="10" build_max="0" rev_max="0" rev_rand_max="10" build_times_to_increment_minor="100" />
				<Settings autoincrement="1" date_declarations="1" use_define="0" update_manifest="1" do_auto_increment="1" ask_to_increment="0" language="C++" svn="0" svn_directory="" header_path="version.h" />
				<Changes_Log show_changes_editor="0" app_title="released version %M.%m.%b of %p" changeslog_path="ChangesLog.txt" />
				<Code header_guard="VERSION_H" namespace="AutoVersion" prefix="" />
			</AutoVersioning>
		</Extensions>
	</Project>
</CodeBlocks_project_file>
